
Microsoft Visual Studio Solution File, Format Version 12.00
# Visual Studio Version 16
VisualStudioVersion = 16.0.31424.327
MinimumVisualStudioVersion = 10.0.40219.1
Project("{FAE04EC0-301F-11D3-BF4B-00C04F79EFBC}") = "BookManagement", "BookManagement\BookManagement.csproj", "{A5FFA204-621A-457D-ADD0-A5D454119F42}"
EndProject
Global
	GlobalSection(SolutionConfigurationPlatforms) = preSolution
		Debug|Any CPU = Debug|Any CPU
		Release|Any CPU = Release|Any CPU
	EndGlobalSection
	GlobalSection(ProjectConfigurationPlatforms) = postSolution
		{A5FFA204-621A-457D-ADD0-A5D454119F42}.Debug|Any CPU.ActiveCfg = Debug|Any CPU
		{A5FFA204-621A-457D-ADD0-A5D454119F42}.Debug|Any CPU.Build.0 = Debug|Any CPU
		{A5FFA204-621A-457D-ADD0-A5D454119F42}.Release|Any CPU.ActiveCfg = Release|Any CPU
		{A5FFA204-621A-457D-ADD0-A5D454119F42}.Release|Any CPU.Build.0 = Release|Any CPU
	EndGlobalSection
	GlobalSection(SolutionProperties) = preSolution
		HideSolutionNode = FALSE
	EndGlobalSection
	GlobalSection(ExtensibilityGlobals) = postSolution
		SolutionGuid = {69CB3D62-4F11-429F-8B55-AA37C9B4AA27}
	EndGlobalSection
EndGlobal
